
Microsoft Visual Studio Solution File, Format Version 12.00
# Visual Studio Version 17
VisualStudioVersion = 17.13.35806.99
MinimumVisualStudioVersion = 10.0.40219.1
Project("{FAE04EC0-301F-11D3-BF4B-00C04F79EFBC}") = "TechLibrary.API", "TechLibrary.API\TechLibrary.API.csproj", "{6BD1CD7D-C93A-4EFC-BF31-247E71B0423B}"
EndProject
Project("{FAE04EC0-301F-11D3-BF4B-00C04F79EFBC}") = "TechLibrary.Communication", "TechLibrary.Communication\TechLibrary.Communication.csproj", "{0F317193-B175-4E8D-B52E-322437CADF15}"
EndProject
Project("{FAE04EC0-301F-11D3-BF4B-00C04F79EFBC}") = "TechLibrary.Exception", "TechLibrary.Exception\TechLibrary.Exception.csproj", "{3EA3E7AF-BCC7-452E-AFE2-63EB6A3875D6}"
EndProject
Global
	GlobalSection(SolutionConfigurationPlatforms) = preSolution
		Debug|Any CPU = Debug|Any CPU
		Release|Any CPU = Release|Any CPU
	EndGlobalSection
	GlobalSection(ProjectConfigurationPlatforms) = postSolution
		{6BD1CD7D-C93A-4EFC-BF31-247E71B0423B}.Debug|Any CPU.ActiveCfg = Debug|Any CPU
		{6BD1CD7D-C93A-4EFC-BF31-247E71B0423B}.Debug|Any CPU.Build.0 = Debug|Any CPU
		{6BD1CD7D-C93A-4EFC-BF31-247E71B0423B}.Release|Any CPU.ActiveCfg = Release|Any CPU
		{6BD1CD7D-C93A-4EFC-BF31-247E71B0423B}.Release|Any CPU.Build.0 = Release|Any CPU
		{0F317193-B175-4E8D-B52E-322437CADF15}.Debug|Any CPU.ActiveCfg = Debug|Any CPU
		{0F317193-B175-4E8D-B52E-322437CADF15}.Debug|Any CPU.Build.0 = Debug|Any CPU
		{0F317193-B175-4E8D-B52E-322437CADF15}.Release|Any CPU.ActiveCfg = Release|Any CPU
		{0F317193-B175-4E8D-B52E-322437CADF15}.Release|Any CPU.Build.0 = Release|Any CPU
		{3EA3E7AF-BCC7-452E-AFE2-63EB6A3875D6}.Debug|Any CPU.ActiveCfg = Debug|Any CPU
		{3EA3E7AF-BCC7-452E-AFE2-63EB6A3875D6}.Debug|Any CPU.Build.0 = Debug|Any CPU
		{3EA3E7AF-BCC7-452E-AFE2-63EB6A3875D6}.Release|Any CPU.ActiveCfg = Release|Any CPU
		{3EA3E7AF-BCC7-452E-AFE2-63EB6A3875D6}.Release|Any CPU.Build.0 = Release|Any CPU
	EndGlobalSection
	GlobalSection(SolutionProperties) = preSolution
		HideSolutionNode = FALSE
	EndGlobalSection
	GlobalSection(ExtensibilityGlobals) = postSolution
		SolutionGuid = {4EA3A992-F02B-4783-A886-B2217A12699A}
	EndGlobalSection
EndGlobal
